// !$*UTF8*$!
{
	archiveVersion = 1;
	classes = {
	};
	objectVersion = 46;
	objects = {

/* Begin PBXBuildFile section */
		96070FD21BBD9BBC00415E45 /* AppDelegate.swift in Sources */ = {isa = PBXBuildFile; fileRef = 96070FD11BBD9BBC00415E45 /* AppDelegate.swift */; };
		96070FD41BBD9BBC00415E45 /* ViewController.swift in Sources */ = {isa = PBXBuildFile; fileRef = 96070FD31BBD9BBC00415E45 /* ViewController.swift */; };
		96070FD71BBD9BBC00415E45 /* Main.storyboard in Resources */ = {isa = PBXBuildFile; fileRef = 96070FD51BBD9BBC00415E45 /* Main.storyboard */; };
		96070FD91BBD9BBC00415E45 /* Images.xcassets in Resources */ = {isa = PBXBuildFile; fileRef = 96070FD81BBD9BBC00415E45 /* Images.xcassets */; };
		96070FDC1BBD9BBC00415E45 /* LaunchScreen.xib in Resources */ = {isa = PBXBuildFile; fileRef = 96070FDA1BBD9BBC00415E45 /* LaunchScreen.xib */; };
		96070FE81BBD9BBC00415E45 /* WatchDemoTests.swift in Sources */ = {isa = PBXBuildFile; fileRef = 96070FE71BBD9BBC00415E45 /* WatchDemoTests.swift */; };
		96070FFA1BBD9C2200415E45 /* InterfaceController.swift in Sources */ = {isa = PBXBuildFile; fileRef = 96070FF91BBD9C2200415E45 /* InterfaceController.swift */; };
		96070FFC1BBD9C2200415E45 /* Images.xcassets in Resources */ = {isa = PBXBuildFile; fileRef = 96070FFB1BBD9C2200415E45 /* Images.xcassets */; };
		960710001BBD9C2200415E45 /* WatchDemo WatchKit App.app in Resources */ = {isa = PBXBuildFile; fileRef = 96070FFF1BBD9C2200415E45 /* WatchDemo WatchKit App.app */; };
		960710081BBD9C2200415E45 /* Interface.storyboard in Resources */ = {isa = PBXBuildFile; fileRef = 960710061BBD9C2200415E45 /* Interface.storyboard */; };
		9607100A1BBD9C2200415E45 /* Images.xcassets in Resources */ = {isa = PBXBuildFile; fileRef = 960710091BBD9C2200415E45 /* Images.xcassets */; };
		9607100D1BBD9C2200415E45 /* WatchDemo WatchKit Extension.appex in Embed App Extensions */ = {isa = PBXBuildFile; fileRef = 96070FF51BBD9C2200415E45 /* WatchDemo WatchKit Extension.appex */; settings = {ATTRIBUTES = (RemoveHeadersOnCopy, ); }; };
/* End PBXBuildFile section */

/* Begin PBXContainerItemProxy section */
		96070FE21BBD9BBC00415E45 /* PBXContainerItemProxy */ = {
			isa = PBXContainerItemProxy;
			containerPortal = 96070FC41BBD9BBC00415E45 /* Project object */;
			proxyType = 1;
			remoteGlobalIDString = 96070FCB1BBD9BBC00415E45;
			remoteInfo = WatchDemo;
		};
		960710011BBD9C2200415E45 /* PBXContainerItemProxy */ = {
			isa = PBXContainerItemProxy;
			containerPortal = 96070FC41BBD9BBC00415E45 /* Project object */;
			proxyType = 1;
			remoteGlobalIDString = 96070FFE1BBD9C2200415E45;
			remoteInfo = "WatchDemo WatchKit App";
		};
		9607100B1BBD9C2200415E45 /* PBXContainerItemProxy */ = {
			isa = PBXContainerItemProxy;
			containerPortal = 96070FC41BBD9BBC00415E45 /* Project object */;
			proxyType = 1;
			remoteGlobalIDString = 96070FF41BBD9C2200415E45;
			remoteInfo = "WatchDemo WatchKit Extension";
		};
/* End PBXContainerItemProxy section */

/* Begin PBXCopyFilesBuildPhase section */
		960710141BBD9C2200415E45 /* Embed App Extensions */ = {
			isa = PBXCopyFilesBuildPhase;
			buildActionMask = 2147483647;
			dstPath = "";
			dstSubfolderSpec = 13;
			files = (
				9607100D1BBD9C2200415E45 /* WatchDemo WatchKit Extension.appex in Embed App Extensions */,
			);
			name = "Embed App Extensions";
			runOnlyForDeploymentPostprocessing = 0;
		};
/* End PBXCopyFilesBuildPhase section */

/* Begin PBXFileReference section */
		96070FCC1BBD9BBC00415E45 /* WatchDemo.app */ = {isa = PBXFileReference; explicitFileType = wrapper.application; includeInIndex = 0; path = WatchDemo.app; sourceTree = BUILT_PRODUCTS_DIR; };
		96070FD01BBD9BBC00415E45 /* Info.plist */ = {isa = PBXFileReference; lastKnownFileType = text.plist.xml; path = Info.plist; sourceTree = "<group>"; };
		96070FD11BBD9BBC00415E45 /* AppDelegate.swift */ = {isa = PBXFileReference; lastKnownFileType = sourcecode.swift; path = AppDelegate.swift; sourceTree = "<group>"; };
		96070FD31BBD9BBC00415E45 /* ViewController.swift */ = {isa = PBXFileReference; lastKnownFileType = sourcecode.swift; path = ViewController.swift; sourceTree = "<group>"; };
		96070FD61BBD9BBC00415E45 /* Base */ = {isa = PBXFileReference; lastKnownFileType = file.storyboard; name = Base; path = Base.lproj/Main.storyboard; sourceTree = "<group>"; };
		96070FD81BBD9BBC00415E45 /* Images.xcassets */ = {isa = PBXFileReference; lastKnownFileType = folder.assetcatalog; path = Images.xcassets; sourceTree = "<group>"; };
		96070FDB1BBD9BBC00415E45 /* Base */ = {isa = PBXFileReference; lastKnownFileType = file.xib; name = Base; path = Base.lproj/LaunchScreen.xib; sourceTree = "<group>"; };
		96070FE11BBD9BBC00415E45 /* WatchDemoTests.xctest */ = {isa = PBXFileReference; explicitFileType = wrapper.cfbundle; includeInIndex = 0; path = WatchDemoTests.xctest; sourceTree = BUILT_PRODUCTS_DIR; };
		96070FE61BBD9BBC00415E45 /* Info.plist */ = {isa = PBXFileReference; lastKnownFileType = text.plist.xml; path = Info.plist; sourceTree = "<group>"; };
		96070FE71BBD9BBC00415E45 /* WatchDemoTests.swift */ = {isa = PBXFileReference; lastKnownFileType = sourcecode.swift; path = WatchDemoTests.swift; sourceTree = "<group>"; };
		96070FF51BBD9C2200415E45 /* WatchDemo WatchKit Extension.appex */ = {isa = PBXFileReference; explicitFileType = "wrapper.app-extension"; includeInIndex = 0; path = "WatchDemo WatchKit Extension.appex"; sourceTree = BUILT_PRODUCTS_DIR; };
		96070FF81BBD9C2200415E45 /* Info.plist */ = {isa = PBXFileReference; lastKnownFileType = text.plist.xml; path = Info.plist; sourceTree = "<group>"; };
		96070FF91BBD9C2200415E45 /* InterfaceController.swift */ = {isa = PBXFileReference; lastKnownFileType = sourcecode.swift; path = InterfaceController.swift; sourceTree = "<group>"; };
		96070FFB1BBD9C2200415E45 /* Images.xcassets */ = {isa = PBXFileReference; lastKnownFileType = folder.assetcatalog; path = Images.xcassets; sourceTree = "<group>"; };
		96070FFF1BBD9C2200415E45 /* WatchDemo WatchKit App.app */ = {isa = PBXFileReference; explicitFileType = wrapper.application; includeInIndex = 0; path = "WatchDemo WatchKit App.app"; sourceTree = BUILT_PRODUCTS_DIR; };
		960710051BBD9C2200415E45 /* Info.plist */ = {isa = PBXFileReference; lastKnownFileType = text.plist.xml; path = Info.plist; sourceTree = "<group>"; };
		960710071BBD9C2200415E45 /* Base */ = {isa = PBXFileReference; lastKnownFileType = file.storyboard; name = Base; path = Base.lproj/Interface.storyboard; sourceTree = "<group>"; };
		960710091BBD9C2200415E45 /* Images.xcassets */ = {isa = PBXFileReference; lastKnownFileType = folder.assetcatalog; path = Images.xcassets; sourceTree = "<group>"; };
/* End PBXFileReference section */

/* Begin PBXFrameworksBuildPhase section */
		96070FC91BBD9BBC00415E45 /* Frameworks */ = {
			isa = PBXFrameworksBuildPhase;
			buildActionMask = 2147483647;
			files = (
			);
			runOnlyForDeploymentPostprocessing = 0;
		};
		96070FDE1BBD9BBC00415E45 /* Frameworks */ = {
			isa = PBXFrameworksBuildPhase;
			buildActionMask = 2147483647;
			files = (
			);
			runOnlyForDeploymentPostprocessing = 0;
		};
		96070FF21BBD9C2200415E45 /* Frameworks */ = {
			isa = PBXFrameworksBuildPhase;
			buildActionMask = 2147483647;
			files = (
			);
			runOnlyForDeploymentPostprocessing = 0;
		};
/* End PBXFrameworksBuildPhase section */

/* Begin PBXGroup section */
		96070FC31BBD9BBC00415E45 = {
			isa = PBXGroup;
			children = (
				96070FCE1BBD9BBC00415E45 /* WatchDemo */,
				96070FE41BBD9BBC00415E45 /* WatchDemoTests */,
				96070FF61BBD9C2200415E45 /* WatchDemo WatchKit Extension */,
				960710031BBD9C2200415E45 /* WatchDemo WatchKit App */,
				96070FCD1BBD9BBC00415E45 /* Products */,
			);
			sourceTree = "<group>";
		};
		96070FCD1BBD9BBC00415E45 /* Products */ = {
			isa = PBXGroup;
			children = (
				96070FCC1BBD9BBC00415E45 /* WatchDemo.app */,
				96070FE11BBD9BBC00415E45 /* WatchDemoTests.xctest */,
				96070FF51BBD9C2200415E45 /* WatchDemo WatchKit Extension.appex */,
				96070FFF1BBD9C2200415E45 /* WatchDemo WatchKit App.app */,
			);
			name = Products;
			sourceTree = "<group>";
		};
		96070FCE1BBD9BBC00415E45 /* WatchDemo */ = {
			isa = PBXGroup;
			children = (
				96070FD11BBD9BBC00415E45 /* AppDelegate.swift */,
				96070FD31BBD9BBC00415E45 /* ViewController.swift */,
				96070FD51BBD9BBC00415E45 /* Main.storyboard */,
				96070FD81BBD9BBC00415E45 /* Images.xcassets */,
				96070FDA1BBD9BBC00415E45 /* LaunchScreen.xib */,
				96070FCF1BBD9BBC00415E45 /* Supporting Files */,
			);
			path = WatchDemo;
			sourceTree = "<group>";
		};
		96070FCF1BBD9BBC00415E45 /* Supporting Files */ = {
			isa = PBXGroup;
			children = (
				96070FD01BBD9BBC00415E45 /* Info.plist */,
			);
			name = "Supporting Files";
			sourceTree = "<group>";
		};
		96070FE41BBD9BBC00415E45 /* WatchDemoTests */ = {
			isa = PBXGroup;
			children = (
				96070FE71BBD9BBC00415E45 /* WatchDemoTests.swift */,
				96070FE51BBD9BBC00415E45 /* Supporting Files */,
			);
			path = WatchDemoTests;
			sourceTree = "<group>";
		};
		96070FE51BBD9BBC00415E45 /* Supporting Files */ = {
			isa = PBXGroup;
			children = (
				96070FE61BBD9BBC00415E45 /* Info.plist */,
			);
			name = "Supporting Files";
			sourceTree = "<group>";
		};
		96070FF61BBD9C2200415E45 /* WatchDemo WatchKit Extension */ = {
			isa = PBXGroup;
			children = (
				96070FF91BBD9C2200415E45 /* InterfaceController.swift */,
				96070FFB1BBD9C2200415E45 /* Images.xcassets */,
				96070FF71BBD9C2200415E45 /* Supporting Files */,
			);
			path = "WatchDemo WatchKit Extension";
			sourceTree = "<group>";
		};
		96070FF71BBD9C2200415E45 /* Supporting Files */ = {
			isa = PBXGroup;
			children = (
				96070FF81BBD9C2200415E45 /* Info.plist */,
			);
			name = "Supporting Files";
			sourceTree = "<group>";
		};
		960710031BBD9C2200415E45 /* WatchDemo WatchKit App */ = {
			isa = PBXGroup;
			children = (
				960710061BBD9C2200415E45 /* Interface.storyboard */,
				960710091BBD9C2200415E45 /* Images.xcassets */,
				960710041BBD9C2200415E45 /* Supporting Files */,
			);
			path = "WatchDemo WatchKit App";
			sourceTree = "<group>";
		};
		960710041BBD9C2200415E45 /* Supporting Files */ = {
			isa = PBXGroup;
			children = (
				960710051BBD9C2200415E45 /* Info.plist */,
			);
			name = "Supporting Files";
			sourceTree = "<group>";
		};
/* End PBXGroup section */

/* Begin PBXNativeTarget section */
		96070FCB1BBD9BBC00415E45 /* WatchDemo */ = {
			isa = PBXNativeTarget;
			buildConfigurationList = 96070FEB1BBD9BBC00415E45 /* Build configuration list for PBXNativeTarget "WatchDemo" */;
			buildPhases = (
				96070FC81BBD9BBC00415E45 /* Sources */,
				96070FC91BBD9BBC00415E45 /* Frameworks */,
				96070FCA1BBD9BBC00415E45 /* Resources */,
				960710141BBD9C2200415E45 /* Embed App Extensions */,
			);
			buildRules = (
			);
			dependencies = (
				9607100C1BBD9C2200415E45 /* PBXTargetDependency */,
			);
			name = WatchDemo;
			productName = WatchDemo;
			productReference = 96070FCC1BBD9BBC00415E45 /* WatchDemo.app */;
			productType = "com.apple.product-type.application";
		};
		96070FE01BBD9BBC00415E45 /* WatchDemoTests */ = {
			isa = PBXNativeTarget;
			buildConfigurationList = 96070FEE1BBD9BBC00415E45 /* Build configuration list for PBXNativeTarget "WatchDemoTests" */;
			buildPhases = (
				96070FDD1BBD9BBC00415E45 /* Sources */,
				96070FDE1BBD9BBC00415E45 /* Frameworks */,
				96070FDF1BBD9BBC00415E45 /* Resources */,
			);
			buildRules = (
			);
			dependencies = (
				96070FE31BBD9BBC00415E45 /* PBXTargetDependency */,
			);
			name = WatchDemoTests;
			productName = WatchDemoTests;
			productReference = 96070FE11BBD9BBC00415E45 /* WatchDemoTests.xctest */;
			productType = "com.apple.product-type.bundle.unit-test";
		};
		96070FF41BBD9C2200415E45 /* WatchDemo WatchKit Extension */ = {
			isa = PBXNativeTarget;
			buildConfigurationList = 960710111BBD9C2200415E45 /* Build configuration list for PBXNativeTarget "WatchDemo WatchKit Extension" */;
			buildPhases = (
				96070FF11BBD9C2200415E45 /* Sources */,
				96070FF21BBD9C2200415E45 /* Frameworks */,
				96070FF31BBD9C2200415E45 /* Resources */,
			);
			buildRules = (
			);
			dependencies = (
				960710021BBD9C2200415E45 /* PBXTargetDependency */,
			);
			name = "WatchDemo WatchKit Extension";
			productName = "WatchDemo WatchKit Extension";
			productReference = 96070FF51BBD9C2200415E45 /* WatchDemo WatchKit Extension.appex */;
			productType = "com.apple.product-type.watchkit-extension";
		};
		96070FFE1BBD9C2200415E45 /* WatchDemo WatchKit App */ = {
			isa = PBXNativeTarget;
			buildConfigurationList = 9607100E1BBD9C2200415E45 /* Build configuration list for PBXNativeTarget "WatchDemo WatchKit App" */;
			buildPhases = (
				96070FFD1BBD9C2200415E45 /* Resources */,
			);
			buildRules = (
			);
			dependencies = (
			);
			name = "WatchDemo WatchKit App";
			productName = "WatchDemo WatchKit App";
			productReference = 96070FFF1BBD9C2200415E45 /* WatchDemo WatchKit App.app */;
			productType = "com.apple.product-type.application.watchapp";
		};
/* End PBXNativeTarget section */

/* Begin PBXProject section */
		96070FC41BBD9BBC00415E45 /* Project object */ = {
			isa = PBXProject;
			attributes = {
				LastSwiftUpdateCheck = 0700;
				LastUpgradeCheck = 0640;
				ORGANIZATIONNAME = "Jim Veneskey";
				TargetAttributes = {
					96070FCB1BBD9BBC00415E45 = {
						CreatedOnToolsVersion = 6.4;
					};
					96070FE01BBD9BBC00415E45 = {
						CreatedOnToolsVersion = 6.4;
						TestTargetID = 96070FCB1BBD9BBC00415E45;
					};
					96070FF41BBD9C2200415E45 = {
						CreatedOnToolsVersion = 6.4;
					};
					96070FFE1BBD9C2200415E45 = {
						CreatedOnToolsVersion = 6.4;
						DevelopmentTeam = UJV5QGPGKN;
					};
				};
			};
			buildConfigurationList = 96070FC71BBD9BBC00415E45 /* Build configuration list for PBXProject "WatchDemo" */;
			compatibilityVersion = "Xcode 3.2";
			developmentRegion = English;
			hasScannedForEncodings = 0;
			knownRegions = (
				en,
				Base,
			);
			mainGroup = 96070FC31BBD9BBC00415E45;
			productRefGroup = 96070FCD1BBD9BBC00415E45 /* Products */;
			projectDirPath = "";
			projectRoot = "";
			targets = (
				96070FCB1BBD9BBC00415E45 /* WatchDemo */,
				96070FE01BBD9BBC00415E45 /* WatchDemoTests */,
				96070FF41BBD9C2200415E45 /* WatchDemo WatchKit Extension */,
				96070FFE1BBD9C2200415E45 /* WatchDemo WatchKit App */,
			);
		};
/* End PBXProject section */

/* Begin PBXResourcesBuildPhase section */
		96070FCA1BBD9BBC00415E45 /* Resources */ = {
			isa = PBXResourcesBuildPhase;
			buildActionMask = 2147483647;
			files = (
				96070FD71BBD9BBC00415E45 /* Main.storyboard in Resources */,
				96070FDC1BBD9BBC00415E45 /* LaunchScreen.xib in Resources */,
				96070FD91BBD9BBC00415E45 /* Images.xcassets in Resources */,
			);
			runOnlyForDeploymentPostprocessing = 0;
		};
		96070FDF1BBD9BBC00415E45 /* Resources */ = {
			isa = PBXResourcesBuildPhase;
			buildActionMask = 2147483647;
			files = (
			);
			runOnlyForDeploymentPostprocessing = 0;
		};
		96070FF31BBD9C2200415E45 /* Resources */ = {
			isa = PBXResourcesBuildPhase;
			buildActionMask = 2147483647;
			files = (
				96070FFC1BBD9C2200415E45 /* Images.xcassets in Resources */,
				960710001BBD9C2200415E45 /* WatchDemo WatchKit App.app in Resources */,
			);
			runOnlyForDeploymentPostprocessing = 0;
		};
		96070FFD1BBD9C2200415E45 /* Resources */ = {
			isa = PBXResourcesBuildPhase;
			buildActionMask = 2147483647;
			files = (
				960710081BBD9C2200415E45 /* Interface.storyboard in Resources */,
				9607100A1BBD9C2200415E45 /* Images.xcassets in Resources */,
			);
			runOnlyForDeploymentPostprocessing = 0;
		};
/* End PBXResourcesBuildPhase section */

/* Begin PBXSourcesBuildPhase section */
		96070FC81BBD9BBC00415E45 /* Sources */ = {
			isa = PBXSourcesBuildPhase;
			buildActionMask = 2147483647;
			files = (
				96070FD41BBD9BBC00415E45 /* ViewController.swift in Sources */,
				96070FD21BBD9BBC00415E45 /* AppDelegate.swift in Sources */,
			);
			runOnlyForDeploymentPostprocessing = 0;
		};
		96070FDD1BBD9BBC00415E45 /* Sources */ = {
			isa = PBXSourcesBuildPhase;
			buildActionMask = 2147483647;
			files = (
				96070FE81BBD9BBC00415E45 /* WatchDemoTests.swift in Sources */,
			);
			runOnlyForDeploymentPostprocessing = 0;
		};
		96070FF11BBD9C2200415E45 /* Sources */ = {
			isa = PBXSourcesBuildPhase;
			buildActionMask = 2147483647;
			files = (
				96070FFA1BBD9C2200415E45 /* InterfaceController.swift in Sources */,
			);
			runOnlyForDeploymentPostprocessing = 0;
		};
/* End PBXSourcesBuildPhase section */

/* Begin PBXTargetDependency section */
		96070FE31BBD9BBC00415E45 /* PBXTargetDependency */ = {
			isa = PBXTargetDependency;
			target = 96070FCB1BBD9BBC00415E45 /* WatchDemo */;
			targetProxy = 96070FE21BBD9BBC00415E45 /* PBXContainerItemProxy */;
		};
		960710021BBD9C2200415E45 /* PBXTargetDependency */ = {
			isa = PBXTargetDependency;
			target = 96070FFE1BBD9C2200415E45 /* WatchDemo WatchKit App */;
			targetProxy = 960710011BBD9C2200415E45 /* PBXContainerItemProxy */;
		};
		9607100C1BBD9C2200415E45 /* PBXTargetDependency */ = {
			isa = PBXTargetDependency;
			target = 96070FF41BBD9C2200415E45 /* WatchDemo WatchKit Extension */;
			targetProxy = 9607100B1BBD9C2200415E45 /* PBXContainerItemProxy */;
		};
/* End PBXTargetDependency section */

/* Begin PBXVariantGroup section */
		96070FD51BBD9BBC00415E45 /* Main.storyboard */ = {
			isa = PBXVariantGroup;
			children = (
				96070FD61BBD9BBC00415E45 /* Base */,
			);
			name = Main.storyboard;
			sourceTree = "<group>";
		};
		96070FDA1BBD9BBC00415E45 /* LaunchScreen.xib */ = {
			isa = PBXVariantGroup;
			children = (
				96070FDB1BBD9BBC00415E45 /* Base */,
			);
			name = LaunchScreen.xib;
			sourceTree = "<group>";
		};
		960710061BBD9C2200415E45 /* Interface.storyboard */ = {
			isa = PBXVariantGroup;
			children = (
				960710071BBD9C2200415E45 /* Base */,
			);
			name = Interface.storyboard;
			sourceTree = "<group>";
		};
/* End PBXVariantGroup section */

/* Begin XCBuildConfiguration section */
		96070FE91BBD9BBC00415E45 /* Debug */ = {
			isa = XCBuildConfiguration;
			buildSettings = {
				ALWAYS_SEARCH_USER_PATHS = NO;
				CLANG_CXX_LANGUAGE_STANDARD = "gnu++0x";
				CLANG_CXX_LIBRARY = "libc++";
				CLANG_ENABLE_MODULES = YES;
				CLANG_ENABLE_OBJC_ARC = YES;
				CLANG_WARN_BOOL_CONVERSION = YES;
				CLANG_WARN_CONSTANT_CONVERSION = YES;
				CLANG_WARN_DIRECT_OBJC_ISA_USAGE = YES_ERROR;
				CLANG_WARN_EMPTY_BODY = YES;
				CLANG_WARN_ENUM_CONVERSION = YES;
				CLANG_WARN_INT_CONVERSION = YES;
				CLANG_WARN_OBJC_ROOT_CLASS = YES_ERROR;
				CLANG_WARN_UNREACHABLE_CODE = YES;
				CLANG_WARN__DUPLICATE_METHOD_MATCH = YES;
				"CODE_SIGN_IDENTITY[sdk=iphoneos*]" = "iPhone Developer";
				COPY_PHASE_STRIP = NO;
				DEBUG_INFORMATION_FORMAT = "dwarf-with-dsym";
				ENABLE_STRICT_OBJC_MSGSEND = YES;
				GCC_C_LANGUAGE_STANDARD = gnu99;
				GCC_DYNAMIC_NO_PIC = NO;
				GCC_NO_COMMON_BLOCKS = YES;
				GCC_OPTIMIZATION_LEVEL = 0;
				GCC_PREPROCESSOR_DEFINITIONS = (
					"DEBUG=1",
					"$(inherited)",
				);
				GCC_SYMBOLS_PRIVATE_EXTERN = NO;
				GCC_WARN_64_TO_32_BIT_CONVERSION = YES;
				GCC_WARN_ABOUT_RETURN_TYPE = YES_ERROR;
				GCC_WARN_UNDECLARED_SELECTOR = YES;
				GCC_WARN_UNINITIALIZED_AUTOS = YES_AGGRESSIVE;
				GCC_WARN_UNUSED_FUNCTION = YES;
				GCC_WARN_UNUSED_VARIABLE = YES;
				IPHONEOS_DEPLOYMENT_TARGET = 9.0;
				MTL_ENABLE_DEBUG_INFO = YES;
				ONLY_ACTIVE_ARCH = YES;
				SDKROOT = iphoneos;
				SWIFT_OPTIMIZATION_LEVEL = "-Onone";
			};
			name = Debug;
		};
		96070FEA1BBD9BBC00415E45 /* Release */ = {
			isa = XCBuildConfiguration;
			buildSettings = {
				ALWAYS_SEARCH_USER_PATHS = NO;
				CLANG_CXX_LANGUAGE_STANDARD = "gnu++0x";
				CLANG_CXX_LIBRARY = "libc++";
				CLANG_ENABLE_MODULES = YES;
				CLANG_ENABLE_OBJC_ARC = YES;
				CLANG_WARN_BOOL_CONVERSION = YES;
				CLANG_WARN_CONSTANT_CONVERSION = YES;
				CLANG_WARN_DIRECT_OBJC_ISA_USAGE = YES_ERROR;
				CLANG_WARN_EMPTY_BODY = YES;
				CLANG_WARN_ENUM_CONVERSION = YES;
				CLANG_WARN_INT_CONVERSION = YES;
				CLANG_WARN_OBJC_ROOT_CLASS = YES_ERROR;
				CLANG_WARN_UNREACHABLE_CODE = YES;
				CLANG_WARN__DUPLICATE_METHOD_MATCH = YES;
				"CODE_SIGN_IDENTITY[sdk=iphoneos*]" = "iPhone Developer";
				COPY_PHASE_STRIP = NO;
				DEBUG_INFORMATION_FORMAT = "dwarf-with-dsym";
				ENABLE_NS_ASSERTIONS = NO;
				ENABLE_STRICT_OBJC_MSGSEND = YES;
				GCC_C_LANGUAGE_STANDARD = gnu99;
				GCC_NO_COMMON_BLOCKS = YES;
				GCC_WARN_64_TO_32_BIT_CONVERSION = YES;
				GCC_WARN_ABOUT_RETURN_TYPE = YES_ERROR;
				GCC_WARN_UNDECLARED_SELECTOR = YES;
				GCC_WARN_UNINITIALIZED_AUTOS = YES_AGGRESSIVE;
				GCC_WARN_UNUSED_FUNCTION = YES;
				GCC_WARN_UNUSED_VARIABLE = YES;
				IPHONEOS_DEPLOYMENT_TARGET = 9.0;
				MTL_ENABLE_DEBUG_INFO = NO;
				SDKROOT = iphoneos;
				VALIDATE_PRODUCT = YES;
			};
			name = Release;
		};
		96070FEC1BBD9BBC00415E45 /* Debug */ = {
			isa = XCBuildConfiguration;
			buildSettings = {
				ASSETCATALOG_COMPILER_APPICON_NAME = AppIcon;
				INFOPLIST_FILE = WatchDemo/Info.plist;
				LD_RUNPATH_SEARCH_PATHS = "$(inherited) @executable_path/Frameworks";
				PRODUCT_NAME = "$(TARGET_NAME)";
			};
			name = Debug;
		};
		96070FED1BBD9BBC00415E45 /* Release */ = {
			isa = XCBuildConfiguration;
			buildSettings = {
				ASSETCATALOG_COMPILER_APPICON_NAME = AppIcon;
				INFOPLIST_FILE = WatchDemo/Info.plist;
				LD_RUNPATH_SEARCH_PATHS = "$(inherited) @executable_path/Frameworks";
				PRODUCT_NAME = "$(TARGET_NAME)";
			};
			name = Release;
		};
		96070FEF1BBD9BBC00415E45 /* Debug */ = {
			isa = XCBuildConfiguration;
			buildSettings = {
				BUNDLE_LOADER = "$(TEST_HOST)";
				FRAMEWORK_SEARCH_PATHS = (
					"$(SDKROOT)/Developer/Library/Frameworks",
					"$(inherited)",
				);
				GCC_PREPROCESSOR_DEFINITIONS = (
					"DEBUG=1",
					"$(inherited)",
				);
				INFOPLIST_FILE = WatchDemoTests/Info.plist;
				LD_RUNPATH_SEARCH_PATHS = "$(inherited) @executable_path/Frameworks @loader_path/Frameworks";
				PRODUCT_NAME = "$(TARGET_NAME)";
				TEST_HOST = "$(BUILT_PRODUCTS_DIR)/WatchDemo.app/WatchDemo";
			};
			name = Debug;
		};
		96070FF01BBD9BBC00415E45 /* Release */ = {
			isa = XCBuildConfiguration;
			buildSettings = {
				BUNDLE_LOADER = "$(TEST_HOST)";
				FRAMEWORK_SEARCH_PATHS = (
					"$(SDKROOT)/Developer/Library/Frameworks",
					"$(inherited)",
				);
				INFOPLIST_FILE = WatchDemoTests/Info.plist;
				LD_RUNPATH_SEARCH_PATHS = "$(inherited) @executable_path/Frameworks @loader_path/Frameworks";
				PRODUCT_NAME = "$(TARGET_NAME)";
				TEST_HOST = "$(BUILT_PRODUCTS_DIR)/WatchDemo.app/WatchDemo";
			};
			name = Release;
		};
		9607100F1BBD9C2200415E45 /* Debug */ = {
			isa = XCBuildConfiguration;
			buildSettings = {
				ASSETCATALOG_COMPILER_APPICON_NAME = AppIcon;
				CODE_SIGN_IDENTITY = "iPhone Developer";
				"CODE_SIGN_IDENTITY[sdk=iphoneos*]" = "iPhone Developer";
				GCC_PREPROCESSOR_DEFINITIONS = (
					"DEBUG=1",
					"$(inherited)",
				);
				IBSC_MODULE = WatchDemo_WatchKit_Extension;
				INFOPLIST_FILE = "WatchDemo WatchKit App/Info.plist";
				IPHONEOS_DEPLOYMENT_TARGET = 8.2;
				PRODUCT_NAME = "$(TARGET_NAME)";
				PROVISIONING_PROFILE = "";
				SKIP_INSTALL = YES;
				TARGETED_DEVICE_FAMILY = 4;
				"TARGETED_DEVICE_FAMILY[sdk=iphonesimulator*]" = "1,4";
			};
			name = Debug;
		};
		960710101BBD9C2200415E45 /* Release */ = {
			isa = XCBuildConfiguration;
			buildSettings = {
				ASSETCATALOG_COMPILER_APPICON_NAME = AppIcon;
				CODE_SIGN_IDENTITY = "iPhone Developer";
				"CODE_SIGN_IDENTITY[sdk=iphoneos*]" = "iPhone Developer";
				IBSC_MODULE = WatchDemo_WatchKit_Extension;
				INFOPLIST_FILE = "WatchDemo WatchKit App/Info.plist";
				IPHONEOS_DEPLOYMENT_TARGET = 8.2;
				PRODUCT_NAME = "$(TARGET_NAME)";
				PROVISIONING_PROFILE = "";
				SKIP_INSTALL = YES;
				TARGETED_DEVICE_FAMILY = 4;
				"TARGETED_DEVICE_FAMILY[sdk=iphonesimulator*]" = "1,4";
			};
			name = Release;
		};
		960710121BBD9C2200415E45 /* Debug */ = {
			isa = XCBuildConfiguration;
			buildSettings = {
				GCC_PREPROCESSOR_DEFINITIONS = (
					"DEBUG=1",
					"$(inherited)",
				);
				INFOPLIST_FILE = "WatchDemo WatchKit Extension/Info.plist";
				LD_RUNPATH_SEARCH_PATHS = "$(inherited) @executable_path/Frameworks @executable_path/../../Frameworks";
				PRODUCT_NAME = "${TARGET_NAME}";
				SKIP_INSTALL = YES;
			};
			name = Debug;
		};
		960710131BBD9C2200415E45 /* Release */ = {
			isa = XCBuildConfiguration;
			buildSettings = {
				INFOPLIST_FILE = "WatchDemo WatchKit Extension/Info.plist";
				LD_RUNPATH_SEARCH_PATHS = "$(inherited) @executable_path/Frameworks @executable_path/../../Frameworks";
				PRODUCT_NAME = "${TARGET_NAME}";
				SKIP_INSTALL = YES;
			};
			name = Release;
		};
/* End XCBuildConfiguration section */

/* Begin XCConfigurationList section */
		96070FC71BBD9BBC00415E45 /* Build configuration list for PBXProject "WatchDemo" */ = {
			isa = XCConfigurationList;
			buildConfigurations = (
				96070FE91BBD9BBC00415E45 /* Debug */,
				96070FEA1BBD9BBC00415E45 /* Release */,
			);
			defaultConfigurationIsVisible = 0;
			defaultConfigurationName = Release;
		};
		96070FEB1BBD9BBC00415E45 /* Build configuration list for PBXNativeTarget "WatchDemo" */ = {
			isa = XCConfigurationList;
			buildConfigurations = (
				96070FEC1BBD9BBC00415E45 /* Debug */,
				96070FED1BBD9BBC00415E45 /* Release */,
			);
			defaultConfigurationIsVisible = 0;
			defaultConfigurationName = Release;
		};
		96070FEE1BBD9BBC00415E45 /* Build configuration list for PBXNativeTarget "WatchDemoTests" */ = {
			isa = XCConfigurationList;
			buildConfigurations = (
				96070FEF1BBD9BBC00415E45 /* Debug */,
				96070FF01BBD9BBC00415E45 /* Release */,
			);
			defaultConfigurationIsVisible = 0;
			defaultConfigurationName = Release;
		};
		9607100E1BBD9C2200415E45 /* Build configuration list for PBXNativeTarget "WatchDemo WatchKit App" */ = {
			isa = XCConfigurationList;
			buildConfigurations = (
				9607100F1BBD9C2200415E45 /* Debug */,
				960710101BBD9C2200415E45 /* Release */,
			);
			defaultConfigurationIsVisible = 0;
			defaultConfigurationName = Release;
		};
		960710111BBD9C2200415E45 /* Build configuration list for PBXNativeTarget "WatchDemo WatchKit Extension" */ = {
			isa = XCConfigurationList;
			buildConfigurations = (
				960710121BBD9C2200415E45 /* Debug */,
				960710131BBD9C2200415E45 /* Release */,
			);
			defaultConfigurationIsVisible = 0;
			defaultConfigurationName = Release;
		};
/* End XCConfigurationList section */
	};
	rootObject = 96070FC41BBD9BBC00415E45 /* Project object */;
}
